// !$*UTF8*$!
{
	archiveVersion = 1;
	classes = {
	};
	objectVersion = 46;
	objects = {

/* Begin PBXBuildFile section */
		DA83B81215E7D5A300A34EDE /* UIKit.framework in Frameworks */ = {isa = PBXBuildFile; fileRef = DA83B81115E7D5A300A34EDE /* UIKit.framework */; };
		DA83B81415E7D5A300A34EDE /* Foundation.framework in Frameworks */ = {isa = PBXBuildFile; fileRef = DA83B81315E7D5A300A34EDE /* Foundation.framework */; };
		DA83B81615E7D5A300A34EDE /* CoreGraphics.framework in Frameworks */ = {isa = PBXBuildFile; fileRef = DA83B81515E7D5A300A34EDE /* CoreGraphics.framework */; };
		DA83B81C15E7D5A300A34EDE /* InfoPlist.strings in Resources */ = {isa = PBXBuildFile; fileRef = DA83B81A15E7D5A300A34EDE /* InfoPlist.strings */; };
		DA83B81E15E7D5A300A34EDE /* main.m in Sources */ = {isa = PBXBuildFile; fileRef = DA83B81D15E7D5A300A34EDE /* main.m */; };
		DA83B82215E7D5A300A34EDE /* AppDelegate.m in Sources */ = {isa = PBXBuildFile; fileRef = DA83B82115E7D5A300A34EDE /* AppDelegate.m */; };
		DA83B82515E7D5A300A34EDE /* MainStoryboard.storyboard in Resources */ = {isa = PBXBuildFile; fileRef = DA83B82315E7D5A300A34EDE /* MainStoryboard.storyboard */; };
		DA83B82815E7D5A300A34EDE /* MasterViewController.m in Sources */ = {isa = PBXBuildFile; fileRef = DA83B82715E7D5A300A34EDE /* MasterViewController.m */; };
		DA83B82B15E7D5A300A34EDE /* DetailViewController.m in Sources */ = {isa = PBXBuildFile; fileRef = DA83B82A15E7D5A300A34EDE /* DetailViewController.m */; };
/* End PBXBuildFile section */

/* Begin PBXFileReference section */
		DA83B80D15E7D5A300A34EDE /* SOS Contact.app */ = {isa = PBXFileReference; explicitFileType = wrapper.application; includeInIndex = 0; path = "SOS Contact.app"; sourceTree = BUILT_PRODUCTS_DIR; };
		DA83B81115E7D5A300A34EDE /* UIKit.framework */ = {isa = PBXFileReference; lastKnownFileType = wrapper.framework; name = UIKit.framework; path = System/Library/Frameworks/UIKit.framework; sourceTree = SDKROOT; };
		DA83B81315E7D5A300A34EDE /* Foundation.framework */ = {isa = PBXFileReference; lastKnownFileType = wrapper.framework; name = Foundation.framework; path = System/Library/Frameworks/Foundation.framework; sourceTree = SDKROOT; };
		DA83B81515E7D5A300A34EDE /* CoreGraphics.framework */ = {isa = PBXFileReference; lastKnownFileType = wrapper.framework; name = CoreGraphics.framework; path = System/Library/Frameworks/CoreGraphics.framework; sourceTree = SDKROOT; };
		DA83B81915E7D5A300A34EDE /* SOS Contact-Info.plist */ = {isa = PBXFileReference; path = "SOS Contact-Info.plist"; sourceTree = "<group>"; };
		DA83B81B15E7D5A300A34EDE /* en */ = {isa = PBXFileReference; lastKnownFileType = text.plist.strings; name = en; path = en.lproj/InfoPlist.strings; sourceTree = "<group>"; };
		DA83B81D15E7D5A300A34EDE /* main.m */ = {isa = PBXFileReference; lastKnownFileType = sourcecode.c.objc; path = main.m; sourceTree = "<group>"; };
		DA83B81F15E7D5A300A34EDE /* SOS Contact-Prefix.pch */ = {isa = PBXFileReference; path = "SOS Contact-Prefix.pch"; sourceTree = "<group>"; };
		DA83B82015E7D5A300A34EDE /* AppDelegate.h */ = {isa = PBXFileReference; path = AppDelegate.h; sourceTree = "<group>"; };
		DA83B82115E7D5A300A34EDE /* AppDelegate.m */ = {isa = PBXFileReference; lastKnownFileType = sourcecode.c.objc; path = AppDelegate.m; sourceTree = "<group>"; };
		DA83B82415E7D5A300A34EDE /* en */ = {isa = PBXFileReference; lastKnownFileType = file.storyboard; name = en; path = en.lproj/MainStoryboard.storyboard; sourceTree = "<group>"; };
		DA83B82615E7D5A300A34EDE /* MasterViewController.h */ = {isa = PBXFileReference; path = MasterViewController.h; sourceTree = "<group>"; };
		DA83B82715E7D5A300A34EDE /* MasterViewController.m */ = {isa = PBXFileReference; lastKnownFileType = sourcecode.c.objc; path = MasterViewController.m; sourceTree = "<group>"; };
		DA83B82915E7D5A300A34EDE /* DetailViewController.h */ = {isa = PBXFileReference; path = DetailViewController.h; sourceTree = "<group>"; };
		DA83B82A15E7D5A300A34EDE /* DetailViewController.m */ = {isa = PBXFileReference; lastKnownFileType = sourcecode.c.objc; path = DetailViewController.m; sourceTree = "<group>"; };
/* End PBXFileReference section */

/* Begin PBXFrameworksBuildPhase section */
		DA83B80A15E7D5A300A34EDE /* Frameworks */ = {
			isa = PBXFrameworksBuildPhase;
			buildActionMask = 2147483647;
			files = (
				DA83B81215E7D5A300A34EDE /* UIKit.framework in Frameworks */,
				DA83B81415E7D5A300A34EDE /* Foundation.framework in Frameworks */,
				DA83B81615E7D5A300A34EDE /* CoreGraphics.framework in Frameworks */,
			);
			runOnlyForDeploymentPostprocessing = 0;
		};
/* End PBXFrameworksBuildPhase section */

/* Begin PBXGroup section */
		DA83B80215E7D5A300A34EDE = {
			isa = PBXGroup;
			children = (
				DA83B81715E7D5A300A34EDE /* SOS Contact */,
				DA83B81015E7D5A300A34EDE /* Frameworks */,
				DA83B80E15E7D5A300A34EDE /* Products */,
			);
			sourceTree = "<group>";
		};
		DA83B80E15E7D5A300A34EDE /* Products */ = {
			isa = PBXGroup;
			children = (
				DA83B80D15E7D5A300A34EDE /* SOS Contact.app */,
			);
			name = Products;
			sourceTree = "<group>";
		};
		DA83B81015E7D5A300A34EDE /* Frameworks */ = {
			isa = PBXGroup;
			children = (
				DA83B81115E7D5A300A34EDE /* UIKit.framework */,
				DA83B81315E7D5A300A34EDE /* Foundation.framework */,
				DA83B81515E7D5A300A34EDE /* CoreGraphics.framework */,
			);
			name = Frameworks;
			sourceTree = "<group>";
		};
		DA83B81715E7D5A300A34EDE /* SOS Contact */ = {
			isa = PBXGroup;
			children = (
				DA83B82015E7D5A300A34EDE /* AppDelegate.h */,
				DA83B82115E7D5A300A34EDE /* AppDelegate.m */,
				DA83B82315E7D5A300A34EDE /* MainStoryboard.storyboard */,
				DA83B82615E7D5A300A34EDE /* MasterViewController.h */,
				DA83B82715E7D5A300A34EDE /* MasterViewController.m */,
				DA83B82915E7D5A300A34EDE /* DetailViewController.h */,
				DA83B82A15E7D5A300A34EDE /* DetailViewController.m */,
				DA83B81815E7D5A300A34EDE /* Supporting Files */,
			);
			path = "SOS Contact";
			sourceTree = "<group>";
		};
		DA83B81815E7D5A300A34EDE /* Supporting Files */ = {
			isa = PBXGroup;
			children = (
				DA83B81915E7D5A300A34EDE /* SOS Contact-Info.plist */,
				DA83B81A15E7D5A300A34EDE /* InfoPlist.strings */,
				DA83B81D15E7D5A300A34EDE /* main.m */,
				DA83B81F15E7D5A300A34EDE /* SOS Contact-Prefix.pch */,
			);
			name = "Supporting Files";
			sourceTree = "<group>";
		};
/* End PBXGroup section */

/* Begin PBXNativeTarget section */
		DA83B80C15E7D5A300A34EDE /* SOS Contact */ = {
			isa = PBXNativeTarget;
			buildConfigurationList = DA83B82E15E7D5A300A34EDE /* Build configuration list for PBXNativeTarget "SOS Contact" */;
			buildPhases = (
				DA83B80915E7D5A300A34EDE /* Sources */,
				DA83B80A15E7D5A300A34EDE /* Frameworks */,
				DA83B80B15E7D5A300A34EDE /* Resources */,
			);
			buildRules = (
			);
			dependencies = (
			);
			name = "SOS Contact";
			productName = "SOS Contact";
			productReference = DA83B80D15E7D5A300A34EDE /* SOS Contact.app */;
			productType = "com.apple.product-type.application";
		};
/* End PBXNativeTarget section */

/* Begin PBXProject section */
		DA83B80415E7D5A300A34EDE /* Project object */ = {
			isa = PBXProject;
			attributes = {
				LastUpgradeCheck = 0420;
			};
			buildConfigurationList = DA83B80715E7D5A300A34EDE /* Build configuration list for PBXProject "SOS Contact" */;
			compatibilityVersion = "Xcode 3.2";
			developmentRegion = English;
			hasScannedForEncodings = 0;
			knownRegions = (
				en,
			);
			mainGroup = DA83B80215E7D5A300A34EDE;
			productRefGroup = DA83B80E15E7D5A300A34EDE /* Products */;
			projectDirPath = "";
			projectRoot = "";
			targets = (
				DA83B80C15E7D5A300A34EDE /* SOS Contact */,
			);
		};
/* End PBXProject section */

/* Begin PBXResourcesBuildPhase section */
		DA83B80B15E7D5A300A34EDE /* Resources */ = {
			isa = PBXResourcesBuildPhase;
			buildActionMask = 2147483647;
			files = (
				DA83B81C15E7D5A300A34EDE /* InfoPlist.strings in Resources */,
				DA83B82515E7D5A300A34EDE /* MainStoryboard.storyboard in Resources */,
			);
			runOnlyForDeploymentPostprocessing = 0;
		};
/* End PBXResourcesBuildPhase section */

/* Begin PBXSourcesBuildPhase section */
		DA83B80915E7D5A300A34EDE /* Sources */ = {
			isa = PBXSourcesBuildPhase;
			buildActionMask = 2147483647;
			files = (
				DA83B81E15E7D5A300A34EDE /* main.m in Sources */,
				DA83B82215E7D5A300A34EDE /* AppDelegate.m in Sources */,
				DA83B82815E7D5A300A34EDE /* MasterViewController.m in Sources */,
				DA83B82B15E7D5A300A34EDE /* DetailViewController.m in Sources */,
			);
			runOnlyForDeploymentPostprocessing = 0;
		};
/* End PBXSourcesBuildPhase section */

/* Begin PBXVariantGroup section */
		DA83B81A15E7D5A300A34EDE /* InfoPlist.strings */ = {
			isa = PBXVariantGroup;
			children = (
				DA83B81B15E7D5A300A34EDE /* en */,
			);
			name = InfoPlist.strings;
			sourceTree = "<group>";
		};
		DA83B82315E7D5A300A34EDE /* MainStoryboard.storyboard */ = {
			isa = PBXVariantGroup;
			children = (
				DA83B82415E7D5A300A34EDE /* en */,
			);
			name = MainStoryboard.storyboard;
			sourceTree = "<group>";
		};
/* End PBXVariantGroup section */

/* Begin XCBuildConfiguration section */
		DA83B82C15E7D5A300A34EDE /* Debug */ = {
			isa = XCBuildConfiguration;
			buildSettings = {
				ALWAYS_SEARCH_USER_PATHS = NO;
				ARCHS = "$(ARCHS_STANDARD_32_BIT)";
				CLANG_ENABLE_OBJC_ARC = YES;
				"CODE_SIGN_IDENTITY[sdk=iphoneos*]" = "iPhone Developer";
				COPY_PHASE_STRIP = NO;
				GCC_C_LANGUAGE_STANDARD = gnu99;
				GCC_DYNAMIC_NO_PIC = NO;
				GCC_OPTIMIZATION_LEVEL = 0;
				GCC_PREPROCESSOR_DEFINITIONS = (
					"DEBUG=1",
					"$(inherited)",
				);
				GCC_SYMBOLS_PRIVATE_EXTERN = NO;
				GCC_VERSION = com.apple.compilers.llvm.clang.1_0;
				GCC_WARN_ABOUT_MISSING_PROTOTYPES = YES;
				GCC_WARN_ABOUT_RETURN_TYPE = YES;
				GCC_WARN_UNUSED_VARIABLE = YES;
				IPHONEOS_DEPLOYMENT_TARGET = 5.1;
				SDKROOT = iphoneos;
			};
			name = Debug;
		};
		DA83B82D15E7D5A300A34EDE /* Release */ = {
			isa = XCBuildConfiguration;
			buildSettings = {
				ALWAYS_SEARCH_USER_PATHS = NO;
				ARCHS = "$(ARCHS_STANDARD_32_BIT)";
				CLANG_ENABLE_OBJC_ARC = YES;
				"CODE_SIGN_IDENTITY[sdk=iphoneos*]" = "iPhone Developer";
				COPY_PHASE_STRIP = YES;
				GCC_C_LANGUAGE_STANDARD = gnu99;
				GCC_VERSION = com.apple.compilers.llvm.clang.1_0;
				GCC_WARN_ABOUT_MISSING_PROTOTYPES = YES;
				GCC_WARN_ABOUT_RETURN_TYPE = YES;
				GCC_WARN_UNUSED_VARIABLE = YES;
				IPHONEOS_DEPLOYMENT_TARGET = 5.1;
				OTHER_CFLAGS = "-DNS_BLOCK_ASSERTIONS=1";
				SDKROOT = iphoneos;
				VALIDATE_PRODUCT = YES;
			};
			name = Release;
		};
		DA83B82F15E7D5A300A34EDE /* Debug */ = {
			isa = XCBuildConfiguration;
			buildSettings = {
				GCC_PRECOMPILE_PREFIX_HEADER = YES;
				GCC_PREFIX_HEADER = "SOS Contact/SOS Contact-Prefix.pch";
				INFOPLIST_FILE = "SOS Contact/SOS Contact-Info.plist";
				PRODUCT_NAME = "$(TARGET_NAME)";
				WRAPPER_EXTENSION = app;
			};
			name = Debug;
		};
		DA83B83015E7D5A300A34EDE /* Release */ = {
			isa = XCBuildConfiguration;
			buildSettings = {
				GCC_PRECOMPILE_PREFIX_HEADER = YES;
				GCC_PREFIX_HEADER = "SOS Contact/SOS Contact-Prefix.pch";
				INFOPLIST_FILE = "SOS Contact/SOS Contact-Info.plist";
				PRODUCT_NAME = "$(TARGET_NAME)";
				WRAPPER_EXTENSION = app;
			};
			name = Release;
		};
/* End XCBuildConfiguration section */

/* Begin XCConfigurationList section */
		DA83B80715E7D5A300A34EDE /* Build configuration list for PBXProject "SOS Contact" */ = {
			isa = XCConfigurationList;
			buildConfigurations = (
				DA83B82C15E7D5A300A34EDE /* Debug */,
				DA83B82D15E7D5A300A34EDE /* Release */,
			);
			defaultConfigurationIsVisible = 0;
			defaultConfigurationName = Release;
		};
		DA83B82E15E7D5A300A34EDE /* Build configuration list for PBXNativeTarget "SOS Contact" */ = {
			isa = XCConfigurationList;
			buildConfigurations = (
				DA83B82F15E7D5A300A34EDE /* Debug */,
				DA83B83015E7D5A300A34EDE /* Release */,
			);
			defaultConfigurationIsVisible = 0;
		};
/* End XCConfigurationList section */
	};
	rootObject = DA83B80415E7D5A300A34EDE /* Project object */;
}
